
Microsoft Visual Studio Solution File, Format Version 12.00
# Visual Studio Version 17
VisualStudioVersion = 17.14.36127.28 d17.14
MinimumVisualStudioVersion = 10.0.40219.1
Project("{FAE04EC0-301F-11D3-BF4B-00C04F79EFBC}") = "AdminBodegas", "AdminBodegas.csproj", "{AE3C436B-90ED-44DE-AE2E-C7A0355F8D02}"
EndProject
Global
	GlobalSection(SolutionConfigurationPlatforms) = preSolution
		Debug|Any CPU = Debug|Any CPU
		Release|Any CPU = Release|Any CPU
	EndGlobalSection
	GlobalSection(ProjectConfigurationPlatforms) = postSolution
		{AE3C436B-90ED-44DE-AE2E-C7A0355F8D02}.Debug|Any CPU.ActiveCfg = Debug|Any CPU
		{AE3C436B-90ED-44DE-AE2E-C7A0355F8D02}.Debug|Any CPU.Build.0 = Debug|Any CPU
		{AE3C436B-90ED-44DE-AE2E-C7A0355F8D02}.Release|Any CPU.ActiveCfg = Release|Any CPU
		{AE3C436B-90ED-44DE-AE2E-C7A0355F8D02}.Release|Any CPU.Build.0 = Release|Any CPU
	EndGlobalSection
	GlobalSection(SolutionProperties) = preSolution
		HideSolutionNode = FALSE
	EndGlobalSection
	GlobalSection(ExtensibilityGlobals) = postSolution
		SolutionGuid = {279937F1-046C-4F99-BB04-8AF4CAEA9495}
	EndGlobalSection
EndGlobal
